// !$*UTF8*$!
{
	archiveVersion = 1;
	classes = {
	};
	objectVersion = 46;
	objects = {

/* Begin PBXBuildFile section */
		B079E9101EB2281000D7A830 /* StateManager.cpp in Sources */ = {isa = PBXBuildFile; fileRef = B079E90E1EB2281000D7A830 /* StateManager.cpp */; };
		B09ECBD01EB71484001036E1 /* SpriteSheet.cpp in Sources */ = {isa = PBXBuildFile; fileRef = B09ECBCE1EB71484001036E1 /* SpriteSheet.cpp */; };
		B09ECBD71EB71A1D001036E1 /* Anim_Base.cpp in Sources */ = {isa = PBXBuildFile; fileRef = B09ECBD61EB71A1D001036E1 /* Anim_Base.cpp */; };
		B09ECBDA1EB71C30001036E1 /* Anim_Directional.cpp in Sources */ = {isa = PBXBuildFile; fileRef = B09ECBD81EB71C30001036E1 /* Anim_Directional.cpp */; };
		B09ECBE41EB73BD0001036E1 /* Map.cpp in Sources */ = {isa = PBXBuildFile; fileRef = B09ECBE21EB73BD0001036E1 /* Map.cpp */; };
		B09ECBE71EB75EF4001036E1 /* EntityBase.cpp in Sources */ = {isa = PBXBuildFile; fileRef = B09ECBE51EB75EF4001036E1 /* EntityBase.cpp */; };
		B09ECBEA1EB82C44001036E1 /* EntityManager.cpp in Sources */ = {isa = PBXBuildFile; fileRef = B09ECBE81EB82C44001036E1 /* EntityManager.cpp */; };
		B09ECBED1EB83732001036E1 /* Character.cpp in Sources */ = {isa = PBXBuildFile; fileRef = B09ECBEB1EB83732001036E1 /* Character.cpp */; };
		B09ECBF21EB83B4A001036E1 /* Player.cpp in Sources */ = {isa = PBXBuildFile; fileRef = B09ECBF01EB83B4A001036E1 /* Player.cpp */; };
		B09ECBF51EB83C5B001036E1 /* Enemy.cpp in Sources */ = {isa = PBXBuildFile; fileRef = B09ECBF31EB83C5B001036E1 /* Enemy.cpp */; };
		B09ECC031EB85747001036E1 /* assets in Resources */ = {isa = PBXBuildFile; fileRef = B09ECC021EB85747001036E1 /* assets */; };
		B09ECC061EB86BE8001036E1 /* State_GameOver.cpp in Sources */ = {isa = PBXBuildFile; fileRef = B09ECC041EB86BE8001036E1 /* State_GameOver.cpp */; };
		B0BA8A611EB38D0900F4951B /* State_MainMenu.cpp in Sources */ = {isa = PBXBuildFile; fileRef = B0BA8A5F1EB38D0900F4951B /* State_MainMenu.cpp */; };
		B0BA8A641EB44DC900F4951B /* State_Game2.cpp in Sources */ = {isa = PBXBuildFile; fileRef = B0BA8A621EB44DC900F4951B /* State_Game2.cpp */; };
		B0BA8A671EB4505000F4951B /* State_Intro.cpp in Sources */ = {isa = PBXBuildFile; fileRef = B0BA8A651EB4505000F4951B /* State_Intro.cpp */; };
		B0BA8A6A1EB459D800F4951B /* State_Paused.cpp in Sources */ = {isa = PBXBuildFile; fileRef = B0BA8A681EB459D800F4951B /* State_Paused.cpp */; };
		B0BC00D91EBAFE2400401D9B /* State_Game.cpp in Sources */ = {isa = PBXBuildFile; fileRef = B0BC00D71EBAFE2400401D9B /* State_Game.cpp */; };
		B0EEE4AA1EB0833C00253BCF /* ResourcePath.mm in Sources */ = {isa = PBXBuildFile; fileRef = B0EEE4A91EB0833C00253BCF /* ResourcePath.mm */; };
		B0EEE4AD1EB0833C00253BCF /* main.cpp in Sources */ = {isa = PBXBuildFile; fileRef = B0EEE4AC1EB0833C00253BCF /* main.cpp */; };
		B0EEE4C01EB08B3700253BCF /* Window.cpp in Sources */ = {isa = PBXBuildFile; fileRef = B0EEE4BF1EB08B3700253BCF /* Window.cpp */; };
		B0EEE4C31EB08EDA00253BCF /* Game.cpp in Sources */ = {isa = PBXBuildFile; fileRef = B0EEE4C11EB08EDA00253BCF /* Game.cpp */; };
		B0EEE4C81EB0D6F400253BCF /* EventManager.cpp in Sources */ = {isa = PBXBuildFile; fileRef = B0EEE4C61EB0D6F400253BCF /* EventManager.cpp */; };
/* End PBXBuildFile section */

/* Begin PBXCopyFilesBuildPhase section */
		B09ECBFF1EB855E1001036E1 /* CopyFiles */ = {
			isa = PBXCopyFilesBuildPhase;
			buildActionMask = 12;
			dstPath = "";
			dstSubfolderSpec = 7;
			files = (
			);
			runOnlyForDeploymentPostprocessing = 0;
		};
/* End PBXCopyFilesBuildPhase section */

/* Begin PBXFileReference section */
		B079E90C1EB2223300D7A830 /* BaseState.hpp */ = {isa = PBXFileReference; fileEncoding = 4; lastKnownFileType = sourcecode.cpp.h; path = BaseState.hpp; sourceTree = "<group>"; };
		B079E90E1EB2281000D7A830 /* StateManager.cpp */ = {isa = PBXFileReference; fileEncoding = 4; lastKnownFileType = sourcecode.cpp.cpp; path = StateManager.cpp; sourceTree = "<group>"; };
		B079E90F1EB2281000D7A830 /* StateManager.hpp */ = {isa = PBXFileReference; fileEncoding = 4; lastKnownFileType = sourcecode.cpp.h; path = StateManager.hpp; sourceTree = "<group>"; };
		B079E9111EB2289000D7A830 /* SharedContext.hpp */ = {isa = PBXFileReference; lastKnownFileType = sourcecode.cpp.h; path = SharedContext.hpp; sourceTree = "<group>"; };
		B09ECBC91EB71060001036E1 /* Utilities.hpp */ = {isa = PBXFileReference; fileEncoding = 4; lastKnownFileType = sourcecode.cpp.h; path = Utilities.hpp; sourceTree = "<group>"; };
		B09ECBCA1EB71094001036E1 /* ResourceManager.hpp */ = {isa = PBXFileReference; fileEncoding = 4; lastKnownFileType = sourcecode.cpp.h; path = ResourceManager.hpp; sourceTree = "<group>"; };
		B09ECBCE1EB71484001036E1 /* SpriteSheet.cpp */ = {isa = PBXFileReference; fileEncoding = 4; lastKnownFileType = sourcecode.cpp.cpp; path = SpriteSheet.cpp; sourceTree = "<group>"; };
		B09ECBCF1EB71484001036E1 /* SpriteSheet.hpp */ = {isa = PBXFileReference; fileEncoding = 4; lastKnownFileType = sourcecode.cpp.h; path = SpriteSheet.hpp; sourceTree = "<group>"; };
		B09ECBD21EB71649001036E1 /* TextureManager.hpp */ = {isa = PBXFileReference; fileEncoding = 4; lastKnownFileType = sourcecode.cpp.h; path = TextureManager.hpp; sourceTree = "<group>"; };
		B09ECBD41EB71924001036E1 /* Anim_Base.hpp */ = {isa = PBXFileReference; fileEncoding = 4; lastKnownFileType = sourcecode.cpp.h; path = Anim_Base.hpp; sourceTree = "<group>"; };
		B09ECBD61EB71A1D001036E1 /* Anim_Base.cpp */ = {isa = PBXFileReference; fileEncoding = 4; lastKnownFileType = sourcecode.cpp.cpp; path = Anim_Base.cpp; sourceTree = "<group>"; };
		B09ECBD81EB71C30001036E1 /* Anim_Directional.cpp */ = {isa = PBXFileReference; fileEncoding = 4; lastKnownFileType = sourcecode.cpp.cpp; path = Anim_Directional.cpp; sourceTree = "<group>"; };
		B09ECBD91EB71C30001036E1 /* Anim_Directional.hpp */ = {isa = PBXFileReference; fileEncoding = 4; lastKnownFileType = sourcecode.cpp.h; path = Anim_Directional.hpp; sourceTree = "<group>"; };
		B09ECBDF1EB72190001036E1 /* Directions.hpp */ = {isa = PBXFileReference; lastKnownFileType = sourcecode.cpp.h; path = Directions.hpp; sourceTree = "<group>"; };
		B09ECBE21EB73BD0001036E1 /* Map.cpp */ = {isa = PBXFileReference; fileEncoding = 4; lastKnownFileType = sourcecode.cpp.cpp; path = Map.cpp; sourceTree = "<group>"; };
		B09ECBE31EB73BD0001036E1 /* Map.hpp */ = {isa = PBXFileReference; fileEncoding = 4; lastKnownFileType = sourcecode.cpp.h; path = Map.hpp; sourceTree = "<group>"; };
		B09ECBE51EB75EF4001036E1 /* EntityBase.cpp */ = {isa = PBXFileReference; fileEncoding = 4; lastKnownFileType = sourcecode.cpp.cpp; path = EntityBase.cpp; sourceTree = "<group>"; };
		B09ECBE61EB75EF4001036E1 /* EntityBase.hpp */ = {isa = PBXFileReference; fileEncoding = 4; lastKnownFileType = sourcecode.cpp.h; path = EntityBase.hpp; sourceTree = "<group>"; };
		B09ECBE81EB82C44001036E1 /* EntityManager.cpp */ = {isa = PBXFileReference; fileEncoding = 4; lastKnownFileType = sourcecode.cpp.cpp; path = EntityManager.cpp; sourceTree = "<group>"; };
		B09ECBE91EB82C44001036E1 /* EntityManager.hpp */ = {isa = PBXFileReference; fileEncoding = 4; lastKnownFileType = sourcecode.cpp.h; path = EntityManager.hpp; sourceTree = "<group>"; };
		B09ECBEB1EB83732001036E1 /* Character.cpp */ = {isa = PBXFileReference; fileEncoding = 4; lastKnownFileType = sourcecode.cpp.cpp; path = Character.cpp; sourceTree = "<group>"; };
		B09ECBEC1EB83732001036E1 /* Character.hpp */ = {isa = PBXFileReference; fileEncoding = 4; lastKnownFileType = sourcecode.cpp.h; path = Character.hpp; sourceTree = "<group>"; };
		B09ECBF01EB83B4A001036E1 /* Player.cpp */ = {isa = PBXFileReference; fileEncoding = 4; lastKnownFileType = sourcecode.cpp.cpp; path = Player.cpp; sourceTree = "<group>"; };
		B09ECBF11EB83B4A001036E1 /* Player.hpp */ = {isa = PBXFileReference; fileEncoding = 4; lastKnownFileType = sourcecode.cpp.h; path = Player.hpp; sourceTree = "<group>"; };
		B09ECBF31EB83C5B001036E1 /* Enemy.cpp */ = {isa = PBXFileReference; fileEncoding = 4; lastKnownFileType = sourcecode.cpp.cpp; path = Enemy.cpp; sourceTree = "<group>"; };
		B09ECBF41EB83C5B001036E1 /* Enemy.hpp */ = {isa = PBXFileReference; fileEncoding = 4; lastKnownFileType = sourcecode.cpp.h; path = Enemy.hpp; sourceTree = "<group>"; };
		B09ECBF61EB83FC5001036E1 /* DebugOverlay.hpp */ = {isa = PBXFileReference; lastKnownFileType = sourcecode.cpp.h; path = DebugOverlay.hpp; sourceTree = "<group>"; };
		B09ECC021EB85747001036E1 /* assets */ = {isa = PBXFileReference; lastKnownFileType = folder; path = assets; sourceTree = "<group>"; };
		B09ECC041EB86BE8001036E1 /* State_GameOver.cpp */ = {isa = PBXFileReference; fileEncoding = 4; lastKnownFileType = sourcecode.cpp.cpp; path = State_GameOver.cpp; sourceTree = "<group>"; };
		B09ECC051EB86BE8001036E1 /* State_GameOver.hpp */ = {isa = PBXFileReference; fileEncoding = 4; lastKnownFileType = sourcecode.cpp.h; path = State_GameOver.hpp; sourceTree = "<group>"; };
		B0BA8A5F1EB38D0900F4951B /* State_MainMenu.cpp */ = {isa = PBXFileReference; fileEncoding = 4; lastKnownFileType = sourcecode.cpp.cpp; path = State_MainMenu.cpp; sourceTree = "<group>"; };
		B0BA8A601EB38D0900F4951B /* State_MainMenu.hpp */ = {isa = PBXFileReference; fileEncoding = 4; lastKnownFileType = sourcecode.cpp.h; path = State_MainMenu.hpp; sourceTree = "<group>"; };
		B0BA8A621EB44DC900F4951B /* State_Game2.cpp */ = {isa = PBXFileReference; fileEncoding = 4; lastKnownFileType = sourcecode.cpp.cpp; path = State_Game2.cpp; sourceTree = "<group>"; };
		B0BA8A631EB44DC900F4951B /* State_Game2.hpp */ = {isa = PBXFileReference; fileEncoding = 4; lastKnownFileType = sourcecode.cpp.h; path = State_Game2.hpp; sourceTree = "<group>"; };
		B0BA8A651EB4505000F4951B /* State_Intro.cpp */ = {isa = PBXFileReference; fileEncoding = 4; lastKnownFileType = sourcecode.cpp.cpp; path = State_Intro.cpp; sourceTree = "<group>"; };
		B0BA8A661EB4505000F4951B /* State_Intro.hpp */ = {isa = PBXFileReference; fileEncoding = 4; lastKnownFileType = sourcecode.cpp.h; path = State_Intro.hpp; sourceTree = "<group>"; };
		B0BA8A681EB459D800F4951B /* State_Paused.cpp */ = {isa = PBXFileReference; fileEncoding = 4; lastKnownFileType = sourcecode.cpp.cpp; path = State_Paused.cpp; sourceTree = "<group>"; };
		B0BA8A691EB459D800F4951B /* State_Paused.hpp */ = {isa = PBXFileReference; fileEncoding = 4; lastKnownFileType = sourcecode.cpp.h; path = State_Paused.hpp; sourceTree = "<group>"; };
		B0BC00D71EBAFE2400401D9B /* State_Game.cpp */ = {isa = PBXFileReference; fileEncoding = 4; lastKnownFileType = sourcecode.cpp.cpp; path = State_Game.cpp; sourceTree = "<group>"; };
		B0BC00D81EBAFE2400401D9B /* State_Game.hpp */ = {isa = PBXFileReference; fileEncoding = 4; lastKnownFileType = sourcecode.cpp.h; path = State_Game.hpp; sourceTree = "<group>"; };
		B0EEE4A41EB0833C00253BCF /* master-touch-typing.app */ = {isa = PBXFileReference; explicitFileType = wrapper.application; includeInIndex = 0; path = "master-touch-typing.app"; sourceTree = BUILT_PRODUCTS_DIR; };
		B0EEE4A81EB0833C00253BCF /* master-touch-typing-Info.plist */ = {isa = PBXFileReference; lastKnownFileType = text.plist.xml; path = "master-touch-typing-Info.plist"; sourceTree = "<group>"; };
		B0EEE4A91EB0833C00253BCF /* ResourcePath.mm */ = {isa = PBXFileReference; lastKnownFileType = sourcecode.cpp.objcpp; path = ResourcePath.mm; sourceTree = "<group>"; };
		B0EEE4AB1EB0833C00253BCF /* ResourcePath.hpp */ = {isa = PBXFileReference; lastKnownFileType = sourcecode.cpp.h; path = ResourcePath.hpp; sourceTree = "<group>"; };
		B0EEE4AC1EB0833C00253BCF /* main.cpp */ = {isa = PBXFileReference; lastKnownFileType = sourcecode.cpp.cpp; path = main.cpp; sourceTree = "<group>"; };
		B0EEE4BE1EB08A0500253BCF /* Window.hpp */ = {isa = PBXFileReference; fileEncoding = 4; lastKnownFileType = sourcecode.cpp.h; path = Window.hpp; sourceTree = "<group>"; };
		B0EEE4BF1EB08B3700253BCF /* Window.cpp */ = {isa = PBXFileReference; fileEncoding = 4; lastKnownFileType = sourcecode.cpp.cpp; path = Window.cpp; sourceTree = "<group>"; };
		B0EEE4C11EB08EDA00253BCF /* Game.cpp */ = {isa = PBXFileReference; fileEncoding = 4; lastKnownFileType = sourcecode.cpp.cpp; path = Game.cpp; sourceTree = "<group>"; };
		B0EEE4C21EB08EDA00253BCF /* Game.hpp */ = {isa = PBXFileReference; fileEncoding = 4; lastKnownFileType = sourcecode.cpp.h; path = Game.hpp; sourceTree = "<group>"; };
		B0EEE4C61EB0D6F400253BCF /* EventManager.cpp */ = {isa = PBXFileReference; fileEncoding = 4; lastKnownFileType = sourcecode.cpp.cpp; path = EventManager.cpp; sourceTree = "<group>"; };
		B0EEE4C71EB0D6F400253BCF /* EventManager.hpp */ = {isa = PBXFileReference; fileEncoding = 4; lastKnownFileType = sourcecode.cpp.h; path = EventManager.hpp; sourceTree = "<group>"; };
/* End PBXFileReference section */

/* Begin PBXFrameworksBuildPhase section */
		B0EEE4A01EB0833B00253BCF /* Frameworks */ = {
			isa = PBXFrameworksBuildPhase;
			buildActionMask = 2147483647;
			files = (
			);
			runOnlyForDeploymentPostprocessing = 0;
		};
/* End PBXFrameworksBuildPhase section */

/* Begin PBXGroup section */
		B0EEE49A1EB0833B00253BCF = {
			isa = PBXGroup;
			children = (
				B0EEE4A61EB0833C00253BCF /* master-touch-typing */,
				B0EEE4A51EB0833C00253BCF /* Products */,
			);
			sourceTree = "<group>";
		};
		B0EEE4A51EB0833C00253BCF /* Products */ = {
			isa = PBXGroup;
			children = (
				B0EEE4A41EB0833C00253BCF /* master-touch-typing.app */,
			);
			name = Products;
			sourceTree = "<group>";
		};
		B0EEE4A61EB0833C00253BCF /* master-touch-typing */ = {
			isa = PBXGroup;
			children = (
				B09ECBD61EB71A1D001036E1 /* Anim_Base.cpp */,
				B09ECBD41EB71924001036E1 /* Anim_Base.hpp */,
				B09ECBD81EB71C30001036E1 /* Anim_Directional.cpp */,
				B09ECBD91EB71C30001036E1 /* Anim_Directional.hpp */,
				B079E90C1EB2223300D7A830 /* BaseState.hpp */,
				B09ECBEB1EB83732001036E1 /* Character.cpp */,
				B09ECBEC1EB83732001036E1 /* Character.hpp */,
				B09ECBF61EB83FC5001036E1 /* DebugOverlay.hpp */,
				B09ECBDF1EB72190001036E1 /* Directions.hpp */,
				B09ECBF31EB83C5B001036E1 /* Enemy.cpp */,
				B09ECBF41EB83C5B001036E1 /* Enemy.hpp */,
				B09ECBE51EB75EF4001036E1 /* EntityBase.cpp */,
				B09ECBE61EB75EF4001036E1 /* EntityBase.hpp */,
				B09ECBE81EB82C44001036E1 /* EntityManager.cpp */,
				B09ECBE91EB82C44001036E1 /* EntityManager.hpp */,
				B0EEE4C61EB0D6F400253BCF /* EventManager.cpp */,
				B0EEE4C71EB0D6F400253BCF /* EventManager.hpp */,
				B0EEE4C11EB08EDA00253BCF /* Game.cpp */,
				B0EEE4C21EB08EDA00253BCF /* Game.hpp */,
				B0EEE4AC1EB0833C00253BCF /* main.cpp */,
				B09ECBE21EB73BD0001036E1 /* Map.cpp */,
				B09ECBE31EB73BD0001036E1 /* Map.hpp */,
				B09ECBF01EB83B4A001036E1 /* Player.cpp */,
				B09ECBF11EB83B4A001036E1 /* Player.hpp */,
				B09ECBCA1EB71094001036E1 /* ResourceManager.hpp */,
				B079E9111EB2289000D7A830 /* SharedContext.hpp */,
				B09ECBCE1EB71484001036E1 /* SpriteSheet.cpp */,
				B09ECBCF1EB71484001036E1 /* SpriteSheet.hpp */,
				B0BA8A621EB44DC900F4951B /* State_Game2.cpp */,
				B0BA8A631EB44DC900F4951B /* State_Game2.hpp */,
				B0BA8A651EB4505000F4951B /* State_Intro.cpp */,
				B0BA8A661EB4505000F4951B /* State_Intro.hpp */,
				B0BA8A5F1EB38D0900F4951B /* State_MainMenu.cpp */,
				B0BA8A601EB38D0900F4951B /* State_MainMenu.hpp */,
				B0BA8A681EB459D800F4951B /* State_Paused.cpp */,
				B0BA8A691EB459D800F4951B /* State_Paused.hpp */,
				B0BC00D71EBAFE2400401D9B /* State_Game.cpp */,
				B0BC00D81EBAFE2400401D9B /* State_Game.hpp */,
				B09ECC041EB86BE8001036E1 /* State_GameOver.cpp */,
				B09ECC051EB86BE8001036E1 /* State_GameOver.hpp */,
				B079E90E1EB2281000D7A830 /* StateManager.cpp */,
				B079E90F1EB2281000D7A830 /* StateManager.hpp */,
				B09ECBD21EB71649001036E1 /* TextureManager.hpp */,
				B09ECBC91EB71060001036E1 /* Utilities.hpp */,
				B0EEE4BF1EB08B3700253BCF /* Window.cpp */,
				B0EEE4BE1EB08A0500253BCF /* Window.hpp */,
				B0EEE4AB1EB0833C00253BCF /* ResourcePath.hpp */,
				B0EEE4A91EB0833C00253BCF /* ResourcePath.mm */,
				B0EEE4AE1EB0833C00253BCF /* Resources */,
				B0EEE4A71EB0833C00253BCF /* Supporting Files */,
			);
			path = "master-touch-typing";
			sourceTree = "<group>";
		};
		B0EEE4A71EB0833C00253BCF /* Supporting Files */ = {
			isa = PBXGroup;
			children = (
				B0EEE4A81EB0833C00253BCF /* master-touch-typing-Info.plist */,
			);
			name = "Supporting Files";
			sourceTree = "<group>";
		};
		B0EEE4AE1EB0833C00253BCF /* Resources */ = {
			isa = PBXGroup;
			children = (
				B09ECC021EB85747001036E1 /* assets */,
			);
			name = Resources;
			sourceTree = "<group>";
		};
/* End PBXGroup section */

/* Begin PBXNativeTarget section */
		B0EEE4A31EB0833B00253BCF /* master-touch-typing */ = {
			isa = PBXNativeTarget;
			buildConfigurationList = B0EEE4B91EB0833C00253BCF /* Build configuration list for PBXNativeTarget "master-touch-typing" */;
			buildPhases = (
				B0EEE49F1EB0833B00253BCF /* Sources */,
				B0EEE4A01EB0833B00253BCF /* Frameworks */,
				B0EEE4A11EB0833B00253BCF /* Resources */,
				B0EEE4A21EB0833B00253BCF /* ShellScript */,
				B09ECBFF1EB855E1001036E1 /* CopyFiles */,
			);
			buildRules = (
			);
			dependencies = (
			);
			name = "master-touch-typing";
			productName = "master-touch-typing";
			productReference = B0EEE4A41EB0833C00253BCF /* master-touch-typing.app */;
			productType = "com.apple.product-type.application";
		};
/* End PBXNativeTarget section */

/* Begin PBXProject section */
		B0EEE49B1EB0833B00253BCF /* Project object */ = {
			isa = PBXProject;
			attributes = {
				LastUpgradeCheck = 0830;
				ORGANIZATIONNAME = WayneChang;
				TargetAttributes = {
					B0EEE4A31EB0833B00253BCF = {
						CreatedOnToolsVersion = 8.3.1;
						DevelopmentTeam = 3JLWU9ZHMM;
						ProvisioningStyle = Automatic;
					};
				};
			};
			buildConfigurationList = B0EEE49E1EB0833B00253BCF /* Build configuration list for PBXProject "master-touch-typing" */;
			compatibilityVersion = "Xcode 3.2";
			developmentRegion = English;
			hasScannedForEncodings = 0;
			knownRegions = (
				en,
			);
			mainGroup = B0EEE49A1EB0833B00253BCF;
			productRefGroup = B0EEE4A51EB0833C00253BCF /* Products */;
			projectDirPath = "";
			projectRoot = "";
			targets = (
				B0EEE4A31EB0833B00253BCF /* master-touch-typing */,
			);
		};
/* End PBXProject section */

/* Begin PBXResourcesBuildPhase section */
		B0EEE4A11EB0833B00253BCF /* Resources */ = {
			isa = PBXResourcesBuildPhase;
			buildActionMask = 2147483647;
			files = (
				B09ECC031EB85747001036E1 /* assets in Resources */,
			);
			runOnlyForDeploymentPostprocessing = 0;
		};
/* End PBXResourcesBuildPhase section */

/* Begin PBXShellScriptBuildPhase section */
		B0EEE4A21EB0833B00253BCF /* ShellScript */ = {
			isa = PBXShellScriptBuildPhase;
			buildActionMask = 2147483647;
			files = (
			);
			inputPaths = (
			);
			outputPaths = (
			);
			runOnlyForDeploymentPostprocessing = 0;
			shellPath = /bin/sh;
			shellScript = "# This shell script simply copies required SFML dylibs/frameworks into the application bundle frameworks folder.\n# If you're using static libraries (which is not recommended) you should remove this script from your project.\n\n# SETTINGS\nCMAKE_INSTALL_FRAMEWORK_PREFIX=\"/Library/Frameworks\"\nCMAKE_INSTALL_LIB_PREFIX=\"/usr/local/lib\"\nFRAMEWORKS_FULL_PATH=\"$BUILT_PRODUCTS_DIR/$FRAMEWORKS_FOLDER_PATH/\"\n\n# Are we building a project that uses frameworks or dylibs?\ncase \"$SFML_BINARY_TYPE\" in\n    DYLIBS)\n        frameworks=\"false\"\n        ;;\n    *)\n        frameworks=\"true\"\n        ;;\nesac\n\n# Echoes to stderr\nerror () # $* message to display\n{\n    echo $* 1>&2\n    exit 2\n}\n\nassert () # $1 is a boolean, $2...N is an error message\n{\n    if [ $# -lt 2 ]\n    then\n        error \"Internal error in assert: not enough args\"\n    fi\n\n    if [ $1 -ne 0 ]\n    then\n        shift\n        error \"$*\"\n    fi\n}\n\nforce_remove () # $@ is some paths\n{\n    test $# -ge 1\n    assert $? \"force_remove() requires at least one parameter\"\n    rm -fr $@\n    assert $? \"couldn't remove $@\"\n}\n\ncopy () # $1 is a source, $2 is a destination\n{\n    test $# -eq 2\n    assert $? \"copy() requires two parameters\"\n    ditto \"$1\" \"$2\"\n    assert $? \"couldn't copy $1 to $2\"\n}\n\nrequire () # $1 is a SFML module like 'system' or 'audio'\n{\n    dest=\"$BUILT_PRODUCTS_DIR/$FRAMEWORKS_FOLDER_PATH/\"\n\n    if [ -z \"$1\" ]\n    then\n        error \"require() requires one parameter!\"\n    else\n        # clean potentially old stuff\n        force_remove \"$dest/libsfml-$1\"*\n        force_remove \"$dest/sfml-$1.framework\"\n\n        # copy SFML libraries\n        if [ \"$frameworks\" = \"true\" ]\n        then\n            source=\"$CMAKE_INSTALL_FRAMEWORK_PREFIX/sfml-$1.framework\"\n            target=\"sfml-$1.framework\"\n        elif [ \"$SFML_LINK_DYLIBS_SUFFIX\" = \"-d\" ]\n        then\n            source=\"$CMAKE_INSTALL_LIB_PREFIX/libsfml-$1-d.dylib\"\n            target=\"`readlink $source`\"\n        else\n            source=\"$CMAKE_INSTALL_LIB_PREFIX/libsfml-$1.dylib\"\n            target=\"`readlink $source`\"\n        fi\n\n        copy \"$source\" \"$dest/$target\"\n\n        # copy extra dependencies\n        if [ \"$1\" = \"audio\" ]\n        then\n            # copy \"FLAC\" \"ogg\" \"vorbis\" \"vorbisenc\" \"vorbisfile\" \"OpenAL\" frameworks too\n            for f in \"FLAC\" \"ogg\" \"vorbis\" \"vorbisenc\" \"vorbisfile\" \"OpenAL\"\n            do\n                copy \"$CMAKE_INSTALL_FRAMEWORK_PREFIX/$f.framework\" \"$dest/$f.framework\"\n            done\n        elif [ \"$1\" = \"graphics\" ]\n        then\n            copy \"$CMAKE_INSTALL_FRAMEWORK_PREFIX/freetype.framework\" \"$dest/freetype.framework\"\n        fi\n    fi\n}\n\nif [ -n \"$SFML_SYSTEM\" ]\nthen\n    require \"system\"\nfi\n\nif [ -n \"$SFML_AUDIO\" ]\nthen\n    require \"audio\"\nfi\n\nif [ -n \"$SFML_NETWORK\" ]\nthen\n    require \"network\"\nfi\n\nif [ -n \"$SFML_WINDOW\" ]\nthen\n    require \"window\"\nfi\n\nif [ -n \"$SFML_GRAPHICS\" ]\nthen\n    require \"graphics\"\nfi\n\n                ";
		};
/* End PBXShellScriptBuildPhase section */

/* Begin PBXSourcesBuildPhase section */
		B0EEE49F1EB0833B00253BCF /* Sources */ = {
			isa = PBXSourcesBuildPhase;
			buildActionMask = 2147483647;
			files = (
				B09ECBDA1EB71C30001036E1 /* Anim_Directional.cpp in Sources */,
				B0EEE4AD1EB0833C00253BCF /* main.cpp in Sources */,
				B09ECBF21EB83B4A001036E1 /* Player.cpp in Sources */,
				B0BA8A6A1EB459D800F4951B /* State_Paused.cpp in Sources */,
				B09ECBED1EB83732001036E1 /* Character.cpp in Sources */,
				B09ECC061EB86BE8001036E1 /* State_GameOver.cpp in Sources */,
				B0BA8A671EB4505000F4951B /* State_Intro.cpp in Sources */,
				B0EEE4C81EB0D6F400253BCF /* EventManager.cpp in Sources */,
				B0EEE4C01EB08B3700253BCF /* Window.cpp in Sources */,
				B09ECBE71EB75EF4001036E1 /* EntityBase.cpp in Sources */,
				B09ECBD71EB71A1D001036E1 /* Anim_Base.cpp in Sources */,
				B079E9101EB2281000D7A830 /* StateManager.cpp in Sources */,
				B0BA8A611EB38D0900F4951B /* State_MainMenu.cpp in Sources */,
				B09ECBF51EB83C5B001036E1 /* Enemy.cpp in Sources */,
				B09ECBEA1EB82C44001036E1 /* EntityManager.cpp in Sources */,
				B0EEE4AA1EB0833C00253BCF /* ResourcePath.mm in Sources */,
				B09ECBD01EB71484001036E1 /* SpriteSheet.cpp in Sources */,
				B0BA8A641EB44DC900F4951B /* State_Game2.cpp in Sources */,
				B09ECBE41EB73BD0001036E1 /* Map.cpp in Sources */,
				B0BC00D91EBAFE2400401D9B /* State_Game.cpp in Sources */,
				B0EEE4C31EB08EDA00253BCF /* Game.cpp in Sources */,
			);
			runOnlyForDeploymentPostprocessing = 0;
		};
/* End PBXSourcesBuildPhase section */

/* Begin XCBuildConfiguration section */
		B0EEE4B71EB0833C00253BCF /* Debug */ = {
			isa = XCBuildConfiguration;
			buildSettings = {
				ARCHS = "$(NATIVE_ARCH_ACTUAL)";
				CLANG_CXX_LANGUAGE_STANDARD = "c++0x";
				CLANG_CXX_LIBRARY = "libc++";
				FRAMEWORK_SEARCH_PATHS = (
					/Library/Frameworks/,
					"$(inherited)",
				);
				GCC_VERSION = com.apple.compilers.llvm.clang.1_0;
				HEADER_SEARCH_PATHS = (
					/usr/local/include/,
					"$(inherited)",
				);
				LIBRARY_SEARCH_PATHS = (
					/usr/local/lib/,
					"$(inherited)",
				);
				MACOSX_DEPLOYMENT_TARGET = 10.7;
				OTHER_LDFLAGS = (
					"$(inherited)",
					"$(SFML_SYSTEM)",
					"$(SFML_WINDOW)",
					"$(SFML_GRAPHICS)",
					"$(SFML_AUDIO)",
					"$(SFML_NETWORK)",
				);
				SFML_AUDIO = "$(SFML_LINK_PREFIX) sfml-audio$(SFML_LINK_SUFFIX)";
				SFML_BINARY_TYPE = FRAMEWORKS;
				SFML_GRAPHICS = "$(SFML_LINK_PREFIX) sfml-graphics$(SFML_LINK_SUFFIX)";
				SFML_LINK_DYLIBS_PREFIX = "-l";
				SFML_LINK_DYLIBS_SUFFIX = "";
				SFML_LINK_FRAMEWORKS_PREFIX = "-framework";
				SFML_LINK_FRAMEWORKS_SUFFIX = "";
				SFML_LINK_PREFIX = "$(SFML_LINK_$(SFML_BINARY_TYPE)_PREFIX)";
				SFML_LINK_SUFFIX = "$(SFML_LINK_$(SFML_BINARY_TYPE)_SUFFIX)";
				SFML_NETWORK = "$(SFML_LINK_PREFIX) sfml-network$(SFML_LINK_SUFFIX)";
				SFML_SYSTEM = "$(SFML_LINK_PREFIX) sfml-system$(SFML_LINK_SUFFIX)";
				SFML_WINDOW = "$(SFML_LINK_PREFIX) sfml-window$(SFML_LINK_SUFFIX)";
				SUPPORTED_PLATFORMS = macosx;
			};
			name = Debug;
		};
		B0EEE4B81EB0833C00253BCF /* Release */ = {
			isa = XCBuildConfiguration;
			buildSettings = {
				ARCHS = "$(NATIVE_ARCH_ACTUAL)";
				CLANG_CXX_LANGUAGE_STANDARD = "c++0x";
				CLANG_CXX_LIBRARY = "libc++";
				FRAMEWORK_SEARCH_PATHS = (
					/Library/Frameworks/,
					"$(inherited)",
				);
				GCC_VERSION = com.apple.compilers.llvm.clang.1_0;
				HEADER_SEARCH_PATHS = (
					/usr/local/include/,
					"$(inherited)",
				);
				LIBRARY_SEARCH_PATHS = (
					/usr/local/lib/,
					"$(inherited)",
				);
				MACOSX_DEPLOYMENT_TARGET = 10.7;
				OTHER_LDFLAGS = (
					"$(inherited)",
					"$(SFML_SYSTEM)",
					"$(SFML_WINDOW)",
					"$(SFML_GRAPHICS)",
					"$(SFML_AUDIO)",
					"$(SFML_NETWORK)",
				);
				SFML_AUDIO = "$(SFML_LINK_PREFIX) sfml-audio$(SFML_LINK_SUFFIX)";
				SFML_BINARY_TYPE = FRAMEWORKS;
				SFML_GRAPHICS = "$(SFML_LINK_PREFIX) sfml-graphics$(SFML_LINK_SUFFIX)";
				SFML_LINK_DYLIBS_PREFIX = "-l";
				SFML_LINK_DYLIBS_SUFFIX = "";
				SFML_LINK_FRAMEWORKS_PREFIX = "-framework";
				SFML_LINK_FRAMEWORKS_SUFFIX = "";
				SFML_LINK_PREFIX = "$(SFML_LINK_$(SFML_BINARY_TYPE)_PREFIX)";
				SFML_LINK_SUFFIX = "$(SFML_LINK_$(SFML_BINARY_TYPE)_SUFFIX)";
				SFML_NETWORK = "$(SFML_LINK_PREFIX) sfml-network$(SFML_LINK_SUFFIX)";
				SFML_SYSTEM = "$(SFML_LINK_PREFIX) sfml-system$(SFML_LINK_SUFFIX)";
				SFML_WINDOW = "$(SFML_LINK_PREFIX) sfml-window$(SFML_LINK_SUFFIX)";
				SUPPORTED_PLATFORMS = macosx;
			};
			name = Release;
		};
		B0EEE4BA1EB0833C00253BCF /* Debug */ = {
			isa = XCBuildConfiguration;
			buildSettings = {
				DEVELOPMENT_TEAM = 3JLWU9ZHMM;
				GCC_OPTIMIZATION_LEVEL = s;
				INFOPLIST_FILE = "master-touch-typing/master-touch-typing-Info.plist";
				LD_RUNPATH_SEARCH_PATHS = "@loader_path/../Frameworks";
				OTHER_CPLUSPLUSFLAGS = (
					"$(OTHER_CFLAGS)",
					"-x",
					"objective-c++",
				);
				PRODUCT_NAME = "$(TARGET_NAME)";
			};
			name = Debug;
		};
		B0EEE4BB1EB0833C00253BCF /* Release */ = {
			isa = XCBuildConfiguration;
			buildSettings = {
				DEVELOPMENT_TEAM = 3JLWU9ZHMM;
				GCC_OPTIMIZATION_LEVEL = s;
				INFOPLIST_FILE = "master-touch-typing/master-touch-typing-Info.plist";
				LD_RUNPATH_SEARCH_PATHS = "@loader_path/../Frameworks";
				OTHER_CPLUSPLUSFLAGS = (
					"$(OTHER_CFLAGS)",
					"-x",
					"objective-c++",
				);
				PRODUCT_NAME = "$(TARGET_NAME)";
			};
			name = Release;
		};
/* End XCBuildConfiguration section */

/* Begin XCConfigurationList section */
		B0EEE49E1EB0833B00253BCF /* Build configuration list for PBXProject "master-touch-typing" */ = {
			isa = XCConfigurationList;
			buildConfigurations = (
				B0EEE4B71EB0833C00253BCF /* Debug */,
				B0EEE4B81EB0833C00253BCF /* Release */,
			);
			defaultConfigurationIsVisible = 0;
			defaultConfigurationName = Release;
		};
		B0EEE4B91EB0833C00253BCF /* Build configuration list for PBXNativeTarget "master-touch-typing" */ = {
			isa = XCConfigurationList;
			buildConfigurations = (
				B0EEE4BA1EB0833C00253BCF /* Debug */,
				B0EEE4BB1EB0833C00253BCF /* Release */,
			);
			defaultConfigurationIsVisible = 0;
			defaultConfigurationName = Release;
		};
/* End XCConfigurationList section */
	};
	rootObject = B0EEE49B1EB0833B00253BCF /* Project object */;
}
